
Microsoft Visual Studio Solution File, Format Version 12.00
# Visual Studio 2013
VisualStudioVersion = 12.0.21005.1
MinimumVisualStudioVersion = 10.0.40219.1
Project("{FAE04EC0-301F-11D3-BF4B-00C04F79EFBC}") = "LeapGR", "LeapGR\LeapGR.csproj", "{22A65D1C-6E2A-4196-9284-0517123E2A72}"
EndProject
Project("{FAE04EC0-301F-11D3-BF4B-00C04F79EFBC}") = "Tests", "Tests\Tests.csproj", "{0D2D4C92-841B-40FF-BD54-042546D1421C}"
EndProject
Project("{FAE04EC0-301F-11D3-BF4B-00C04F79EFBC}") = "LeapUI", "LeapUI\LeapUI.csproj", "{BE6E7058-E1DB-4441-8466-85B70E7AC82F}"
EndProject
Global
	GlobalSection(SolutionConfigurationPlatforms) = preSolution
		Debug|Any CPU = Debug|Any CPU
		Release|Any CPU = Release|Any CPU
	EndGlobalSection
	GlobalSection(ProjectConfigurationPlatforms) = postSolution
		{22A65D1C-6E2A-4196-9284-0517123E2A72}.Debug|Any CPU.ActiveCfg = Debug|Any CPU
		{22A65D1C-6E2A-4196-9284-0517123E2A72}.Debug|Any CPU.Build.0 = Debug|Any CPU
		{22A65D1C-6E2A-4196-9284-0517123E2A72}.Release|Any CPU.ActiveCfg = Release|Any CPU
		{22A65D1C-6E2A-4196-9284-0517123E2A72}.Release|Any CPU.Build.0 = Release|Any CPU
		{0D2D4C92-841B-40FF-BD54-042546D1421C}.Debug|Any CPU.ActiveCfg = Debug|Any CPU
		{0D2D4C92-841B-40FF-BD54-042546D1421C}.Debug|Any CPU.Build.0 = Debug|Any CPU
		{0D2D4C92-841B-40FF-BD54-042546D1421C}.Release|Any CPU.ActiveCfg = Release|Any CPU
		{0D2D4C92-841B-40FF-BD54-042546D1421C}.Release|Any CPU.Build.0 = Release|Any CPU
		{BE6E7058-E1DB-4441-8466-85B70E7AC82F}.Debug|Any CPU.ActiveCfg = Debug|Any CPU
		{BE6E7058-E1DB-4441-8466-85B70E7AC82F}.Debug|Any CPU.Build.0 = Debug|Any CPU
		{BE6E7058-E1DB-4441-8466-85B70E7AC82F}.Release|Any CPU.ActiveCfg = Release|Any CPU
		{BE6E7058-E1DB-4441-8466-85B70E7AC82F}.Release|Any CPU.Build.0 = Release|Any CPU
	EndGlobalSection
	GlobalSection(SolutionProperties) = preSolution
		HideSolutionNode = FALSE
	EndGlobalSection
EndGlobal
